
Microsoft Visual Studio Solution File, Format Version 12.00
# Visual Studio Version 16
VisualStudioVersion = 16.0.31410.357
MinimumVisualStudioVersion = 10.0.40219.1
Project("{9A19103F-16F7-4668-BE54-9A1E7A4F7556}") = "WebAPI", "WebAPI\WebAPI.csproj", "{5ADBD22F-4AA3-4F54-BD77-8927CD4583B2}"
EndProject
Project("{9A19103F-16F7-4668-BE54-9A1E7A4F7556}") = "Common", "Common\Common.csproj", "{DFC3CB15-CEEF-4301-8B27-E5DE01361794}"
EndProject
Project("{9A19103F-16F7-4668-BE54-9A1E7A4F7556}") = "Tests", "Tests\Tests.csproj", "{4F791A1D-4592-4239-B71C-368A5FE13292}"
EndProject
Project("{9A19103F-16F7-4668-BE54-9A1E7A4F7556}") = "WebApp", "WebApp\WebApp.csproj", "{DD61025E-97AA-45FF-BA8E-33C26454016F}"
EndProject
Project("{FAE04EC0-301F-11D3-BF4B-00C04F79EFBC}") = "WebAppMVC", "WebAppMVC\WebAppMVC.csproj", "{C115DE96-5473-48B3-B66F-4945C6EB674C}"
EndProject
Global
	GlobalSection(SolutionConfigurationPlatforms) = preSolution
		Debug|Any CPU = Debug|Any CPU
		Release|Any CPU = Release|Any CPU
	EndGlobalSection
	GlobalSection(ProjectConfigurationPlatforms) = postSolution
		{5ADBD22F-4AA3-4F54-BD77-8927CD4583B2}.Debug|Any CPU.ActiveCfg = Debug|Any CPU
		{5ADBD22F-4AA3-4F54-BD77-8927CD4583B2}.Debug|Any CPU.Build.0 = Debug|Any CPU
		{5ADBD22F-4AA3-4F54-BD77-8927CD4583B2}.Release|Any CPU.ActiveCfg = Release|Any CPU
		{5ADBD22F-4AA3-4F54-BD77-8927CD4583B2}.Release|Any CPU.Build.0 = Release|Any CPU
		{DFC3CB15-CEEF-4301-8B27-E5DE01361794}.Debug|Any CPU.ActiveCfg = Debug|Any CPU
		{DFC3CB15-CEEF-4301-8B27-E5DE01361794}.Debug|Any CPU.Build.0 = Debug|Any CPU
		{DFC3CB15-CEEF-4301-8B27-E5DE01361794}.Release|Any CPU.ActiveCfg = Release|Any CPU
		{DFC3CB15-CEEF-4301-8B27-E5DE01361794}.Release|Any CPU.Build.0 = Release|Any CPU
		{4F791A1D-4592-4239-B71C-368A5FE13292}.Debug|Any CPU.ActiveCfg = Debug|Any CPU
		{4F791A1D-4592-4239-B71C-368A5FE13292}.Debug|Any CPU.Build.0 = Debug|Any CPU
		{4F791A1D-4592-4239-B71C-368A5FE13292}.Release|Any CPU.ActiveCfg = Release|Any CPU
		{4F791A1D-4592-4239-B71C-368A5FE13292}.Release|Any CPU.Build.0 = Release|Any CPU
		{DD61025E-97AA-45FF-BA8E-33C26454016F}.Debug|Any CPU.ActiveCfg = Debug|Any CPU
		{DD61025E-97AA-45FF-BA8E-33C26454016F}.Debug|Any CPU.Build.0 = Debug|Any CPU
		{DD61025E-97AA-45FF-BA8E-33C26454016F}.Release|Any CPU.ActiveCfg = Release|Any CPU
		{DD61025E-97AA-45FF-BA8E-33C26454016F}.Release|Any CPU.Build.0 = Release|Any CPU
		{C115DE96-5473-48B3-B66F-4945C6EB674C}.Debug|Any CPU.ActiveCfg = Debug|Any CPU
		{C115DE96-5473-48B3-B66F-4945C6EB674C}.Debug|Any CPU.Build.0 = Debug|Any CPU
		{C115DE96-5473-48B3-B66F-4945C6EB674C}.Release|Any CPU.ActiveCfg = Release|Any CPU
		{C115DE96-5473-48B3-B66F-4945C6EB674C}.Release|Any CPU.Build.0 = Release|Any CPU
	EndGlobalSection
	GlobalSection(SolutionProperties) = preSolution
		HideSolutionNode = FALSE
	EndGlobalSection
	GlobalSection(ExtensibilityGlobals) = postSolution
		SolutionGuid = {A5AC8B4F-75DA-466C-90F0-17A8AF7F5435}
	EndGlobalSection
EndGlobal
